// !$*UTF8*$!
{
	archiveVersion = 1;
	classes = {
	};
	objectVersion = 55;
	objects = {

/* Begin PBXBuildFile section */
		FAD51AA827F1982A00E35E8A /* AppDelegate.swift in Sources */ = {isa = PBXBuildFile; fileRef = FAD51AA727F1982A00E35E8A /* AppDelegate.swift */; };
		FAD51AAA27F1982A00E35E8A /* SceneDelegate.swift in Sources */ = {isa = PBXBuildFile; fileRef = FAD51AA927F1982A00E35E8A /* SceneDelegate.swift */; };
		FAD51AAC27F1982A00E35E8A /* ViewController.swift in Sources */ = {isa = PBXBuildFile; fileRef = FAD51AAB27F1982A00E35E8A /* ViewController.swift */; };
		FAD51AAF27F1982A00E35E8A /* Main.storyboard in Resources */ = {isa = PBXBuildFile; fileRef = FAD51AAD27F1982A00E35E8A /* Main.storyboard */; };
		FAD51AB127F1982E00E35E8A /* Assets.xcassets in Resources */ = {isa = PBXBuildFile; fileRef = FAD51AB027F1982E00E35E8A /* Assets.xcassets */; };
		FAD51AB427F1982E00E35E8A /* LaunchScreen.storyboard in Resources */ = {isa = PBXBuildFile; fileRef = FAD51AB227F1982E00E35E8A /* LaunchScreen.storyboard */; };
		FAD51ABF27F1982E00E35E8A /* test1Tests.swift in Sources */ = {isa = PBXBuildFile; fileRef = FAD51ABE27F1982E00E35E8A /* test1Tests.swift */; };
		FAD51AC927F1982E00E35E8A /* test1UITests.swift in Sources */ = {isa = PBXBuildFile; fileRef = FAD51AC827F1982E00E35E8A /* test1UITests.swift */; };
		FAD51ACB27F1982E00E35E8A /* test1UITestsLaunchTests.swift in Sources */ = {isa = PBXBuildFile; fileRef = FAD51ACA27F1982E00E35E8A /* test1UITestsLaunchTests.swift */; };
		FAD51AD827F1A1D000E35E8A /* Cell.swift in Sources */ = {isa = PBXBuildFile; fileRef = FAD51AD727F1A1D000E35E8A /* Cell.swift */; };
		FAD51ADA27F1A4F100E35E8A /* Service.swift in Sources */ = {isa = PBXBuildFile; fileRef = FAD51AD927F1A4F100E35E8A /* Service.swift */; };
		FAD51ADE27F1C84600E35E8A /* imageService.swift in Sources */ = {isa = PBXBuildFile; fileRef = FAD51ADD27F1C84600E35E8A /* imageService.swift */; };
		FAD51AE027F1D4C100E35E8A /* DetailViewController.swift in Sources */ = {isa = PBXBuildFile; fileRef = FAD51ADF27F1D4C100E35E8A /* DetailViewController.swift */; };
		FAD51AE227F1D5F700E35E8A /* ViewModel.swift in Sources */ = {isa = PBXBuildFile; fileRef = FAD51AE127F1D5F700E35E8A /* ViewModel.swift */; };
/* End PBXBuildFile section */

/* Begin PBXContainerItemProxy section */
		FAD51ABB27F1982E00E35E8A /* PBXContainerItemProxy */ = {
			isa = PBXContainerItemProxy;
			containerPortal = FAD51A9C27F1982A00E35E8A /* Project object */;
			proxyType = 1;
			remoteGlobalIDString = FAD51AA327F1982A00E35E8A;
			remoteInfo = test1;
		};
		FAD51AC527F1982E00E35E8A /* PBXContainerItemProxy */ = {
			isa = PBXContainerItemProxy;
			containerPortal = FAD51A9C27F1982A00E35E8A /* Project object */;
			proxyType = 1;
			remoteGlobalIDString = FAD51AA327F1982A00E35E8A;
			remoteInfo = test1;
		};
/* End PBXContainerItemProxy section */

/* Begin PBXFileReference section */
		FAD51AA427F1982A00E35E8A /* test1.app */ = {isa = PBXFileReference; explicitFileType = wrapper.application; includeInIndex = 0; path = test1.app; sourceTree = BUILT_PRODUCTS_DIR; };
		FAD51AA727F1982A00E35E8A /* AppDelegate.swift */ = {isa = PBXFileReference; lastKnownFileType = sourcecode.swift; path = AppDelegate.swift; sourceTree = "<group>"; };
		FAD51AA927F1982A00E35E8A /* SceneDelegate.swift */ = {isa = PBXFileReference; lastKnownFileType = sourcecode.swift; path = SceneDelegate.swift; sourceTree = "<group>"; };
		FAD51AAB27F1982A00E35E8A /* ViewController.swift */ = {isa = PBXFileReference; lastKnownFileType = sourcecode.swift; path = ViewController.swift; sourceTree = "<group>"; };
		FAD51AAE27F1982A00E35E8A /* Base */ = {isa = PBXFileReference; lastKnownFileType = file.storyboard; name = Base; path = Base.lproj/Main.storyboard; sourceTree = "<group>"; };
		FAD51AB027F1982E00E35E8A /* Assets.xcassets */ = {isa = PBXFileReference; lastKnownFileType = folder.assetcatalog; path = Assets.xcassets; sourceTree = "<group>"; };
		FAD51AB327F1982E00E35E8A /* Base */ = {isa = PBXFileReference; lastKnownFileType = file.storyboard; name = Base; path = Base.lproj/LaunchScreen.storyboard; sourceTree = "<group>"; };
		FAD51AB527F1982E00E35E8A /* Info.plist */ = {isa = PBXFileReference; lastKnownFileType = text.plist.xml; path = Info.plist; sourceTree = "<group>"; };
		FAD51ABA27F1982E00E35E8A /* test1Tests.xctest */ = {isa = PBXFileReference; explicitFileType = wrapper.cfbundle; includeInIndex = 0; path = test1Tests.xctest; sourceTree = BUILT_PRODUCTS_DIR; };
		FAD51ABE27F1982E00E35E8A /* test1Tests.swift */ = {isa = PBXFileReference; lastKnownFileType = sourcecode.swift; path = test1Tests.swift; sourceTree = "<group>"; };
		FAD51AC427F1982E00E35E8A /* test1UITests.xctest */ = {isa = PBXFileReference; explicitFileType = wrapper.cfbundle; includeInIndex = 0; path = test1UITests.xctest; sourceTree = BUILT_PRODUCTS_DIR; };
		FAD51AC827F1982E00E35E8A /* test1UITests.swift */ = {isa = PBXFileReference; lastKnownFileType = sourcecode.swift; path = test1UITests.swift; sourceTree = "<group>"; };
		FAD51ACA27F1982E00E35E8A /* test1UITestsLaunchTests.swift */ = {isa = PBXFileReference; lastKnownFileType = sourcecode.swift; path = test1UITestsLaunchTests.swift; sourceTree = "<group>"; };
		FAD51AD727F1A1D000E35E8A /* Cell.swift */ = {isa = PBXFileReference; lastKnownFileType = sourcecode.swift; path = Cell.swift; sourceTree = "<group>"; };
		FAD51AD927F1A4F100E35E8A /* Service.swift */ = {isa = PBXFileReference; lastKnownFileType = sourcecode.swift; path = Service.swift; sourceTree = "<group>"; };
		FAD51ADD27F1C84600E35E8A /* imageService.swift */ = {isa = PBXFileReference; lastKnownFileType = sourcecode.swift; path = imageService.swift; sourceTree = "<group>"; };
		FAD51ADF27F1D4C100E35E8A /* DetailViewController.swift */ = {isa = PBXFileReference; lastKnownFileType = sourcecode.swift; path = DetailViewController.swift; sourceTree = "<group>"; };
		FAD51AE127F1D5F700E35E8A /* ViewModel.swift */ = {isa = PBXFileReference; lastKnownFileType = sourcecode.swift; path = ViewModel.swift; sourceTree = "<group>"; };
/* End PBXFileReference section */

/* Begin PBXFrameworksBuildPhase section */
		FAD51AA127F1982A00E35E8A /* Frameworks */ = {
			isa = PBXFrameworksBuildPhase;
			buildActionMask = 2147483647;
			files = (
			);
			runOnlyForDeploymentPostprocessing = 0;
		};
		FAD51AB727F1982E00E35E8A /* Frameworks */ = {
			isa = PBXFrameworksBuildPhase;
			buildActionMask = 2147483647;
			files = (
			);
			runOnlyForDeploymentPostprocessing = 0;
		};
		FAD51AC127F1982E00E35E8A /* Frameworks */ = {
			isa = PBXFrameworksBuildPhase;
			buildActionMask = 2147483647;
			files = (
			);
			runOnlyForDeploymentPostprocessing = 0;
		};
/* End PBXFrameworksBuildPhase section */

/* Begin PBXGroup section */
		FAD51A9B27F1982A00E35E8A = {
			isa = PBXGroup;
			children = (
				FAD51AA627F1982A00E35E8A /* test1 */,
				FAD51ABD27F1982E00E35E8A /* test1Tests */,
				FAD51AC727F1982E00E35E8A /* test1UITests */,
				FAD51AA527F1982A00E35E8A /* Products */,
			);
			sourceTree = "<group>";
		};
		FAD51AA527F1982A00E35E8A /* Products */ = {
			isa = PBXGroup;
			children = (
				FAD51AA427F1982A00E35E8A /* test1.app */,
				FAD51ABA27F1982E00E35E8A /* test1Tests.xctest */,
				FAD51AC427F1982E00E35E8A /* test1UITests.xctest */,
			);
			name = Products;
			sourceTree = "<group>";
		};
		FAD51AA627F1982A00E35E8A /* test1 */ = {
			isa = PBXGroup;
			children = (
				FAD51AA727F1982A00E35E8A /* AppDelegate.swift */,
				FAD51AA927F1982A00E35E8A /* SceneDelegate.swift */,
				FAD51AAB27F1982A00E35E8A /* ViewController.swift */,
				FAD51AAD27F1982A00E35E8A /* Main.storyboard */,
				FAD51AB027F1982E00E35E8A /* Assets.xcassets */,
				FAD51AB227F1982E00E35E8A /* LaunchScreen.storyboard */,
				FAD51AB527F1982E00E35E8A /* Info.plist */,
				FAD51AD727F1A1D000E35E8A /* Cell.swift */,
				FAD51AD927F1A4F100E35E8A /* Service.swift */,
				FAD51ADD27F1C84600E35E8A /* imageService.swift */,
				FAD51ADF27F1D4C100E35E8A /* DetailViewController.swift */,
				FAD51AE127F1D5F700E35E8A /* ViewModel.swift */,
			);
			path = test1;
			sourceTree = "<group>";
		};
		FAD51ABD27F1982E00E35E8A /* test1Tests */ = {
			isa = PBXGroup;
			children = (
				FAD51ABE27F1982E00E35E8A /* test1Tests.swift */,
			);
			path = test1Tests;
			sourceTree = "<group>";
		};
		FAD51AC727F1982E00E35E8A /* test1UITests */ = {
			isa = PBXGroup;
			children = (
				FAD51AC827F1982E00E35E8A /* test1UITests.swift */,
				FAD51ACA27F1982E00E35E8A /* test1UITestsLaunchTests.swift */,
			);
			path = test1UITests;
			sourceTree = "<group>";
		};
/* End PBXGroup section */

/* Begin PBXNativeTarget section */
		FAD51AA327F1982A00E35E8A /* test1 */ = {
			isa = PBXNativeTarget;
			buildConfigurationList = FAD51ACE27F1982E00E35E8A /* Build configuration list for PBXNativeTarget "test1" */;
			buildPhases = (
				FAD51AA027F1982A00E35E8A /* Sources */,
				FAD51AA127F1982A00E35E8A /* Frameworks */,
				FAD51AA227F1982A00E35E8A /* Resources */,
			);
			buildRules = (
			);
			dependencies = (
			);
			name = test1;
			productName = test1;
			productReference = FAD51AA427F1982A00E35E8A /* test1.app */;
			productType = "com.apple.product-type.application";
		};
		FAD51AB927F1982E00E35E8A /* test1Tests */ = {
			isa = PBXNativeTarget;
			buildConfigurationList = FAD51AD127F1982E00E35E8A /* Build configuration list for PBXNativeTarget "test1Tests" */;
			buildPhases = (
				FAD51AB627F1982E00E35E8A /* Sources */,
				FAD51AB727F1982E00E35E8A /* Frameworks */,
				FAD51AB827F1982E00E35E8A /* Resources */,
			);
			buildRules = (
			);
			dependencies = (
				FAD51ABC27F1982E00E35E8A /* PBXTargetDependency */,
			);
			name = test1Tests;
			productName = test1Tests;
			productReference = FAD51ABA27F1982E00E35E8A /* test1Tests.xctest */;
			productType = "com.apple.product-type.bundle.unit-test";
		};
		FAD51AC327F1982E00E35E8A /* test1UITests */ = {
			isa = PBXNativeTarget;
			buildConfigurationList = FAD51AD427F1982E00E35E8A /* Build configuration list for PBXNativeTarget "test1UITests" */;
			buildPhases = (
				FAD51AC027F1982E00E35E8A /* Sources */,
				FAD51AC127F1982E00E35E8A /* Frameworks */,
				FAD51AC227F1982E00E35E8A /* Resources */,
			);
			buildRules = (
			);
			dependencies = (
				FAD51AC627F1982E00E35E8A /* PBXTargetDependency */,
			);
			name = test1UITests;
			productName = test1UITests;
			productReference = FAD51AC427F1982E00E35E8A /* test1UITests.xctest */;
			productType = "com.apple.product-type.bundle.ui-testing";
		};
/* End PBXNativeTarget section */

/* Begin PBXProject section */
		FAD51A9C27F1982A00E35E8A /* Project object */ = {
			isa = PBXProject;
			attributes = {
				BuildIndependentTargetsInParallel = 1;
				LastSwiftUpdateCheck = 1330;
				LastUpgradeCheck = 1330;
				TargetAttributes = {
					FAD51AA327F1982A00E35E8A = {
						CreatedOnToolsVersion = 13.3;
					};
					FAD51AB927F1982E00E35E8A = {
						CreatedOnToolsVersion = 13.3;
						TestTargetID = FAD51AA327F1982A00E35E8A;
					};
					FAD51AC327F1982E00E35E8A = {
						CreatedOnToolsVersion = 13.3;
						TestTargetID = FAD51AA327F1982A00E35E8A;
					};
				};
			};
			buildConfigurationList = FAD51A9F27F1982A00E35E8A /* Build configuration list for PBXProject "test1" */;
			compatibilityVersion = "Xcode 13.0";
			developmentRegion = en;
			hasScannedForEncodings = 0;
			knownRegions = (
				en,
				Base,
			);
			mainGroup = FAD51A9B27F1982A00E35E8A;
			productRefGroup = FAD51AA527F1982A00E35E8A /* Products */;
			projectDirPath = "";
			projectRoot = "";
			targets = (
				FAD51AA327F1982A00E35E8A /* test1 */,
				FAD51AB927F1982E00E35E8A /* test1Tests */,
				FAD51AC327F1982E00E35E8A /* test1UITests */,
			);
		};
/* End PBXProject section */

/* Begin PBXResourcesBuildPhase section */
		FAD51AA227F1982A00E35E8A /* Resources */ = {
			isa = PBXResourcesBuildPhase;
			buildActionMask = 2147483647;
			files = (
				FAD51AB427F1982E00E35E8A /* LaunchScreen.storyboard in Resources */,
				FAD51AB127F1982E00E35E8A /* Assets.xcassets in Resources */,
				FAD51AAF27F1982A00E35E8A /* Main.storyboard in Resources */,
			);
			runOnlyForDeploymentPostprocessing = 0;
		};
		FAD51AB827F1982E00E35E8A /* Resources */ = {
			isa = PBXResourcesBuildPhase;
			buildActionMask = 2147483647;
			files = (
			);
			runOnlyForDeploymentPostprocessing = 0;
		};
		FAD51AC227F1982E00E35E8A /* Resources */ = {
			isa = PBXResourcesBuildPhase;
			buildActionMask = 2147483647;
			files = (
			);
			runOnlyForDeploymentPostprocessing = 0;
		};
/* End PBXResourcesBuildPhase section */

/* Begin PBXSourcesBuildPhase section */
		FAD51AA027F1982A00E35E8A /* Sources */ = {
			isa = PBXSourcesBuildPhase;
			buildActionMask = 2147483647;
			files = (
				FAD51AAC27F1982A00E35E8A /* ViewController.swift in Sources */,
				FAD51AE227F1D5F700E35E8A /* ViewModel.swift in Sources */,
				FAD51AD827F1A1D000E35E8A /* Cell.swift in Sources */,
				FAD51ADA27F1A4F100E35E8A /* Service.swift in Sources */,
				FAD51ADE27F1C84600E35E8A /* imageService.swift in Sources */,
				FAD51AA827F1982A00E35E8A /* AppDelegate.swift in Sources */,
				FAD51AAA27F1982A00E35E8A /* SceneDelegate.swift in Sources */,
				FAD51AE027F1D4C100E35E8A /* DetailViewController.swift in Sources */,
			);
			runOnlyForDeploymentPostprocessing = 0;
		};
		FAD51AB627F1982E00E35E8A /* Sources */ = {
			isa = PBXSourcesBuildPhase;
			buildActionMask = 2147483647;
			files = (
				FAD51ABF27F1982E00E35E8A /* test1Tests.swift in Sources */,
			);
			runOnlyForDeploymentPostprocessing = 0;
		};
		FAD51AC027F1982E00E35E8A /* Sources */ = {
			isa = PBXSourcesBuildPhase;
			buildActionMask = 2147483647;
			files = (
				FAD51ACB27F1982E00E35E8A /* test1UITestsLaunchTests.swift in Sources */,
				FAD51AC927F1982E00E35E8A /* test1UITests.swift in Sources */,
			);
			runOnlyForDeploymentPostprocessing = 0;
		};
/* End PBXSourcesBuildPhase section */

/* Begin PBXTargetDependency section */
		FAD51ABC27F1982E00E35E8A /* PBXTargetDependency */ = {
			isa = PBXTargetDependency;
			target = FAD51AA327F1982A00E35E8A /* test1 */;
			targetProxy = FAD51ABB27F1982E00E35E8A /* PBXContainerItemProxy */;
		};
		FAD51AC627F1982E00E35E8A /* PBXTargetDependency */ = {
			isa = PBXTargetDependency;
			target = FAD51AA327F1982A00E35E8A /* test1 */;
			targetProxy = FAD51AC527F1982E00E35E8A /* PBXContainerItemProxy */;
		};
/* End PBXTargetDependency section */

/* Begin PBXVariantGroup section */
		FAD51AAD27F1982A00E35E8A /* Main.storyboard */ = {
			isa = PBXVariantGroup;
			children = (
				FAD51AAE27F1982A00E35E8A /* Base */,
			);
			name = Main.storyboard;
			sourceTree = "<group>";
		};
		FAD51AB227F1982E00E35E8A /* LaunchScreen.storyboard */ = {
			isa = PBXVariantGroup;
			children = (
				FAD51AB327F1982E00E35E8A /* Base */,
			);
			name = LaunchScreen.storyboard;
			sourceTree = "<group>";
		};
/* End PBXVariantGroup section */

/* Begin XCBuildConfiguration section */
		FAD51ACC27F1982E00E35E8A /* Debug */ = {
			isa = XCBuildConfiguration;
			buildSettings = {
				ALWAYS_SEARCH_USER_PATHS = NO;
				CLANG_ANALYZER_NONNULL = YES;
				CLANG_ANALYZER_NUMBER_OBJECT_CONVERSION = YES_AGGRESSIVE;
				CLANG_CXX_LANGUAGE_STANDARD = "gnu++17";
				CLANG_ENABLE_MODULES = YES;
				CLANG_ENABLE_OBJC_ARC = YES;
				CLANG_ENABLE_OBJC_WEAK = YES;
				CLANG_WARN_BLOCK_CAPTURE_AUTORELEASING = YES;
				CLANG_WARN_BOOL_CONVERSION = YES;
				CLANG_WARN_COMMA = YES;
				CLANG_WARN_CONSTANT_CONVERSION = YES;
				CLANG_WARN_DEPRECATED_OBJC_IMPLEMENTATIONS = YES;
				CLANG_WARN_DIRECT_OBJC_ISA_USAGE = YES_ERROR;
				CLANG_WARN_DOCUMENTATION_COMMENTS = YES;
				CLANG_WARN_EMPTY_BODY = YES;
				CLANG_WARN_ENUM_CONVERSION = YES;
				CLANG_WARN_INFINITE_RECURSION = YES;
				CLANG_WARN_INT_CONVERSION = YES;
				CLANG_WARN_NON_LITERAL_NULL_CONVERSION = YES;
				CLANG_WARN_OBJC_IMPLICIT_RETAIN_SELF = YES;
				CLANG_WARN_OBJC_LITERAL_CONVERSION = YES;
				CLANG_WARN_OBJC_ROOT_CLASS = YES_ERROR;
				CLANG_WARN_QUOTED_INCLUDE_IN_FRAMEWORK_HEADER = YES;
				CLANG_WARN_RANGE_LOOP_ANALYSIS = YES;
				CLANG_WARN_STRICT_PROTOTYPES = YES;
				CLANG_WARN_SUSPICIOUS_MOVE = YES;
				CLANG_WARN_UNGUARDED_AVAILABILITY = YES_AGGRESSIVE;
				CLANG_WARN_UNREACHABLE_CODE = YES;
				CLANG_WARN__DUPLICATE_METHOD_MATCH = YES;
				COPY_PHASE_STRIP = NO;
				DEBUG_INFORMATION_FORMAT = dwarf;
				ENABLE_STRICT_OBJC_MSGSEND = YES;
				ENABLE_TESTABILITY = YES;
				GCC_C_LANGUAGE_STANDARD = gnu11;
				GCC_DYNAMIC_NO_PIC = NO;
				GCC_NO_COMMON_BLOCKS = YES;
				GCC_OPTIMIZATION_LEVEL = 0;
				GCC_PREPROCESSOR_DEFINITIONS = (
					"DEBUG=1",
					"$(inherited)",
				);
				GCC_WARN_64_TO_32_BIT_CONVERSION = YES;
				GCC_WARN_ABOUT_RETURN_TYPE = YES_ERROR;
				GCC_WARN_UNDECLARED_SELECTOR = YES;
				GCC_WARN_UNINITIALIZED_AUTOS = YES_AGGRESSIVE;
				GCC_WARN_UNUSED_FUNCTION = YES;
				GCC_WARN_UNUSED_VARIABLE = YES;
				IPHONEOS_DEPLOYMENT_TARGET = 15.4;
				MTL_ENABLE_DEBUG_INFO = INCLUDE_SOURCE;
				MTL_FAST_MATH = YES;
				ONLY_ACTIVE_ARCH = YES;
				SDKROOT = iphoneos;
				SWIFT_ACTIVE_COMPILATION_CONDITIONS = DEBUG;
				SWIFT_OPTIMIZATION_LEVEL = "-Onone";
			};
			name = Debug;
		};
		FAD51ACD27F1982E00E35E8A /* Release */ = {
			isa = XCBuildConfiguration;
			buildSettings = {
				ALWAYS_SEARCH_USER_PATHS = NO;
				CLANG_ANALYZER_NONNULL = YES;
				CLANG_ANALYZER_NUMBER_OBJECT_CONVERSION = YES_AGGRESSIVE;
				CLANG_CXX_LANGUAGE_STANDARD = "gnu++17";
				CLANG_ENABLE_MODULES = YES;
				CLANG_ENABLE_OBJC_ARC = YES;
				CLANG_ENABLE_OBJC_WEAK = YES;
				CLANG_WARN_BLOCK_CAPTURE_AUTORELEASING = YES;
				CLANG_WARN_BOOL_CONVERSION = YES;
				CLANG_WARN_COMMA = YES;
				CLANG_WARN_CONSTANT_CONVERSION = YES;
				CLANG_WARN_DEPRECATED_OBJC_IMPLEMENTATIONS = YES;
				CLANG_WARN_DIRECT_OBJC_ISA_USAGE = YES_ERROR;
				CLANG_WARN_DOCUMENTATION_COMMENTS = YES;
				CLANG_WARN_EMPTY_BODY = YES;
				CLANG_WARN_ENUM_CONVERSION = YES;
				CLANG_WARN_INFINITE_RECURSION = YES;
				CLANG_WARN_INT_CONVERSION = YES;
				CLANG_WARN_NON_LITERAL_NULL_CONVERSION = YES;
				CLANG_WARN_OBJC_IMPLICIT_RETAIN_SELF = YES;
				CLANG_WARN_OBJC_LITERAL_CONVERSION = YES;
				CLANG_WARN_OBJC_ROOT_CLASS = YES_ERROR;
				CLANG_WARN_QUOTED_INCLUDE_IN_FRAMEWORK_HEADER = YES;
				CLANG_WARN_RANGE_LOOP_ANALYSIS = YES;
				CLANG_WARN_STRICT_PROTOTYPES = YES;
				CLANG_WARN_SUSPICIOUS_MOVE = YES;
				CLANG_WARN_UNGUARDED_AVAILABILITY = YES_AGGRESSIVE;
				CLANG_WARN_UNREACHABLE_CODE = YES;
				CLANG_WARN__DUPLICATE_METHOD_MATCH = YES;
				COPY_PHASE_STRIP = NO;
				DEBUG_INFORMATION_FORMAT = "dwarf-with-dsym";
				ENABLE_NS_ASSERTIONS = NO;
				ENABLE_STRICT_OBJC_MSGSEND = YES;
				GCC_C_LANGUAGE_STANDARD = gnu11;
				GCC_NO_COMMON_BLOCKS = YES;
				GCC_WARN_64_TO_32_BIT_CONVERSION = YES;
				GCC_WARN_ABOUT_RETURN_TYPE = YES_ERROR;
				GCC_WARN_UNDECLARED_SELECTOR = YES;
				GCC_WARN_UNINITIALIZED_AUTOS = YES_AGGRESSIVE;
				GCC_WARN_UNUSED_FUNCTION = YES;
				GCC_WARN_UNUSED_VARIABLE = YES;
				IPHONEOS_DEPLOYMENT_TARGET = 15.4;
				MTL_ENABLE_DEBUG_INFO = NO;
				MTL_FAST_MATH = YES;
				SDKROOT = iphoneos;
				SWIFT_COMPILATION_MODE = wholemodule;
				SWIFT_OPTIMIZATION_LEVEL = "-O";
				VALIDATE_PRODUCT = YES;
			};
			name = Release;
		};
		FAD51ACF27F1982E00E35E8A /* Debug */ = {
			isa = XCBuildConfiguration;
			buildSettings = {
				ASSETCATALOG_COMPILER_APPICON_NAME = AppIcon;
				ASSETCATALOG_COMPILER_GLOBAL_ACCENT_COLOR_NAME = AccentColor;
				CODE_SIGN_STYLE = Automatic;
				CURRENT_PROJECT_VERSION = 1;
				DEVELOPMENT_TEAM = 65UAQ7PWZ5;
				GENERATE_INFOPLIST_FILE = YES;
				INFOPLIST_FILE = test1/Info.plist;
				INFOPLIST_KEY_UIApplicationSupportsIndirectInputEvents = YES;
				INFOPLIST_KEY_UILaunchStoryboardName = LaunchScreen;
				INFOPLIST_KEY_UIMainStoryboardFile = Main;
				INFOPLIST_KEY_UISupportedInterfaceOrientations_iPad = "UIInterfaceOrientationPortrait UIInterfaceOrientationPortraitUpsideDown UIInterfaceOrientationLandscapeLeft UIInterfaceOrientationLandscapeRight";
				INFOPLIST_KEY_UISupportedInterfaceOrientations_iPhone = "UIInterfaceOrientationPortrait UIInterfaceOrientationLandscapeLeft UIInterfaceOrientationLandscapeRight";
				LD_RUNPATH_SEARCH_PATHS = (
					"$(inherited)",
					"@executable_path/Frameworks",
				);
				MARKETING_VERSION = 1.0;
				PRODUCT_BUNDLE_IDENTIFIER = com.test1;
				PRODUCT_NAME = "$(TARGET_NAME)";
				SWIFT_EMIT_LOC_STRINGS = YES;
				SWIFT_VERSION = 5.0;
				TARGETED_DEVICE_FAMILY = "1,2";
			};
			name = Debug;
		};
		FAD51AD027F1982E00E35E8A /* Release */ = {
			isa = XCBuildConfiguration;
			buildSettings = {
				ASSETCATALOG_COMPILER_APPICON_NAME = AppIcon;
				ASSETCATALOG_COMPILER_GLOBAL_ACCENT_COLOR_NAME = AccentColor;
				CODE_SIGN_STYLE = Automatic;
				CURRENT_PROJECT_VERSION = 1;
				DEVELOPMENT_TEAM = 65UAQ7PWZ5;
				GENERATE_INFOPLIST_FILE = YES;
				INFOPLIST_FILE = test1/Info.plist;
				INFOPLIST_KEY_UIApplicationSupportsIndirectInputEvents = YES;
				INFOPLIST_KEY_UILaunchStoryboardName = LaunchScreen;
				INFOPLIST_KEY_UIMainStoryboardFile = Main;
				INFOPLIST_KEY_UISupportedInterfaceOrientations_iPad = "UIInterfaceOrientationPortrait UIInterfaceOrientationPortraitUpsideDown UIInterfaceOrientationLandscapeLeft UIInterfaceOrientationLandscapeRight";
				INFOPLIST_KEY_UISupportedInterfaceOrientations_iPhone = "UIInterfaceOrientationPortrait UIInterfaceOrientationLandscapeLeft UIInterfaceOrientationLandscapeRight";
				LD_RUNPATH_SEARCH_PATHS = (
					"$(inherited)",
					"@executable_path/Frameworks",
				);
				MARKETING_VERSION = 1.0;
				PRODUCT_BUNDLE_IDENTIFIER = com.test1;
				PRODUCT_NAME = "$(TARGET_NAME)";
				SWIFT_EMIT_LOC_STRINGS = YES;
				SWIFT_VERSION = 5.0;
				TARGETED_DEVICE_FAMILY = "1,2";
			};
			name = Release;
		};
		FAD51AD227F1982E00E35E8A /* Debug */ = {
			isa = XCBuildConfiguration;
			buildSettings = {
				ALWAYS_EMBED_SWIFT_STANDARD_LIBRARIES = YES;
				BUNDLE_LOADER = "$(TEST_HOST)";
				CODE_SIGN_STYLE = Automatic;
				CURRENT_PROJECT_VERSION = 1;
				DEVELOPMENT_TEAM = 65UAQ7PWZ5;
				GENERATE_INFOPLIST_FILE = YES;
				IPHONEOS_DEPLOYMENT_TARGET = 15.4;
				MARKETING_VERSION = 1.0;
				PRODUCT_BUNDLE_IDENTIFIER = com.test1Tests;
				PRODUCT_NAME = "$(TARGET_NAME)";
				SWIFT_EMIT_LOC_STRINGS = NO;
				SWIFT_VERSION = 5.0;
				TARGETED_DEVICE_FAMILY = "1,2";
				TEST_HOST = "$(BUILT_PRODUCTS_DIR)/test1.app/test1";
			};
			name = Debug;
		};
		FAD51AD327F1982E00E35E8A /* Release */ = {
			isa = XCBuildConfiguration;
			buildSettings = {
				ALWAYS_EMBED_SWIFT_STANDARD_LIBRARIES = YES;
				BUNDLE_LOADER = "$(TEST_HOST)";
				CODE_SIGN_STYLE = Automatic;
				CURRENT_PROJECT_VERSION = 1;
				DEVELOPMENT_TEAM = 65UAQ7PWZ5;
				GENERATE_INFOPLIST_FILE = YES;
				IPHONEOS_DEPLOYMENT_TARGET = 15.4;
				MARKETING_VERSION = 1.0;
				PRODUCT_BUNDLE_IDENTIFIER = com.test1Tests;
				PRODUCT_NAME = "$(TARGET_NAME)";
				SWIFT_EMIT_LOC_STRINGS = NO;
				SWIFT_VERSION = 5.0;
				TARGETED_DEVICE_FAMILY = "1,2";
				TEST_HOST = "$(BUILT_PRODUCTS_DIR)/test1.app/test1";
			};
			name = Release;
		};
		FAD51AD527F1982E00E35E8A /* Debug */ = {
			isa = XCBuildConfiguration;
			buildSettings = {
				ALWAYS_EMBED_SWIFT_STANDARD_LIBRARIES = YES;
				CODE_SIGN_STYLE = Automatic;
				CURRENT_PROJECT_VERSION = 1;
				DEVELOPMENT_TEAM = 65UAQ7PWZ5;
				GENERATE_INFOPLIST_FILE = YES;
				MARKETING_VERSION = 1.0;
				PRODUCT_BUNDLE_IDENTIFIER = com.test1UITests;
				PRODUCT_NAME = "$(TARGET_NAME)";
				SWIFT_EMIT_LOC_STRINGS = NO;
				SWIFT_VERSION = 5.0;
				TARGETED_DEVICE_FAMILY = "1,2";
				TEST_TARGET_NAME = test1;
			};
			name = Debug;
		};
		FAD51AD627F1982E00E35E8A /* Release */ = {
			isa = XCBuildConfiguration;
			buildSettings = {
				ALWAYS_EMBED_SWIFT_STANDARD_LIBRARIES = YES;
				CODE_SIGN_STYLE = Automatic;
				CURRENT_PROJECT_VERSION = 1;
				DEVELOPMENT_TEAM = 65UAQ7PWZ5;
				GENERATE_INFOPLIST_FILE = YES;
				MARKETING_VERSION = 1.0;
				PRODUCT_BUNDLE_IDENTIFIER = com.test1UITests;
				PRODUCT_NAME = "$(TARGET_NAME)";
				SWIFT_EMIT_LOC_STRINGS = NO;
				SWIFT_VERSION = 5.0;
				TARGETED_DEVICE_FAMILY = "1,2";
				TEST_TARGET_NAME = test1;
			};
			name = Release;
		};
/* End XCBuildConfiguration section */

/* Begin XCConfigurationList section */
		FAD51A9F27F1982A00E35E8A /* Build configuration list for PBXProject "test1" */ = {
			isa = XCConfigurationList;
			buildConfigurations = (
				FAD51ACC27F1982E00E35E8A /* Debug */,
				FAD51ACD27F1982E00E35E8A /* Release */,
			);
			defaultConfigurationIsVisible = 0;
			defaultConfigurationName = Release;
		};
		FAD51ACE27F1982E00E35E8A /* Build configuration list for PBXNativeTarget "test1" */ = {
			isa = XCConfigurationList;
			buildConfigurations = (
				FAD51ACF27F1982E00E35E8A /* Debug */,
				FAD51AD027F1982E00E35E8A /* Release */,
			);
			defaultConfigurationIsVisible = 0;
			defaultConfigurationName = Release;
		};
		FAD51AD127F1982E00E35E8A /* Build configuration list for PBXNativeTarget "test1Tests" */ = {
			isa = XCConfigurationList;
			buildConfigurations = (
				FAD51AD227F1982E00E35E8A /* Debug */,
				FAD51AD327F1982E00E35E8A /* Release */,
			);
			defaultConfigurationIsVisible = 0;
			defaultConfigurationName = Release;
		};
		FAD51AD427F1982E00E35E8A /* Build configuration list for PBXNativeTarget "test1UITests" */ = {
			isa = XCConfigurationList;
			buildConfigurations = (
				FAD51AD527F1982E00E35E8A /* Debug */,
				FAD51AD627F1982E00E35E8A /* Release */,
			);
			defaultConfigurationIsVisible = 0;
			defaultConfigurationName = Release;
		};
/* End XCConfigurationList section */
	};
	rootObject = FAD51A9C27F1982A00E35E8A /* Project object */;
}
