// !$*UTF8*$!
{
	archiveVersion = 1;
	classes = {
	};
	objectVersion = 55;
	objects = {

/* Begin PBXBuildFile section */
		FA4BB49B27FAD82900E636D7 /* AppDelegate.swift in Sources */ = {isa = PBXBuildFile; fileRef = FA4BB49A27FAD82900E636D7 /* AppDelegate.swift */; };
		FA4BB49D27FAD82900E636D7 /* SceneDelegate.swift in Sources */ = {isa = PBXBuildFile; fileRef = FA4BB49C27FAD82900E636D7 /* SceneDelegate.swift */; };
		FA4BB49F27FAD82900E636D7 /* ViewController.swift in Sources */ = {isa = PBXBuildFile; fileRef = FA4BB49E27FAD82900E636D7 /* ViewController.swift */; };
		FA4BB4A227FAD82900E636D7 /* Main.storyboard in Resources */ = {isa = PBXBuildFile; fileRef = FA4BB4A027FAD82900E636D7 /* Main.storyboard */; };
		FA4BB4A427FAD82B00E636D7 /* Assets.xcassets in Resources */ = {isa = PBXBuildFile; fileRef = FA4BB4A327FAD82B00E636D7 /* Assets.xcassets */; };
		FA4BB4A727FAD82B00E636D7 /* LaunchScreen.storyboard in Resources */ = {isa = PBXBuildFile; fileRef = FA4BB4A527FAD82B00E636D7 /* LaunchScreen.storyboard */; };
		FA4BB4AF27FAD99900E636D7 /* Popup.storyboard in Resources */ = {isa = PBXBuildFile; fileRef = FA4BB4AE27FAD99900E636D7 /* Popup.storyboard */; };
		FA4BB4B427FAE1DB00E636D7 /* WebKit.framework in Frameworks */ = {isa = PBXBuildFile; fileRef = FA4BB4B327FAE1DB00E636D7 /* WebKit.framework */; };
		FA4BB4B627FAE89C00E636D7 /* CustomPopUpViewController.swift in Sources */ = {isa = PBXBuildFile; fileRef = FA4BB4B527FAE89C00E636D7 /* CustomPopUpViewController.swift */; };
		FA96D59227FED0E400559EC0 /* PopUpDelegate.swift in Sources */ = {isa = PBXBuildFile; fileRef = FA96D59127FED0E400559EC0 /* PopUpDelegate.swift */; };
/* End PBXBuildFile section */

/* Begin PBXFileReference section */
		FA4BB49727FAD82900E636D7 /* CustomPupup_tutorial.app */ = {isa = PBXFileReference; explicitFileType = wrapper.application; includeInIndex = 0; path = CustomPupup_tutorial.app; sourceTree = BUILT_PRODUCTS_DIR; };
		FA4BB49A27FAD82900E636D7 /* AppDelegate.swift */ = {isa = PBXFileReference; lastKnownFileType = sourcecode.swift; path = AppDelegate.swift; sourceTree = "<group>"; };
		FA4BB49C27FAD82900E636D7 /* SceneDelegate.swift */ = {isa = PBXFileReference; lastKnownFileType = sourcecode.swift; path = SceneDelegate.swift; sourceTree = "<group>"; };
		FA4BB49E27FAD82900E636D7 /* ViewController.swift */ = {isa = PBXFileReference; lastKnownFileType = sourcecode.swift; path = ViewController.swift; sourceTree = "<group>"; };
		FA4BB4A127FAD82900E636D7 /* Base */ = {isa = PBXFileReference; lastKnownFileType = file.storyboard; name = Base; path = Base.lproj/Main.storyboard; sourceTree = "<group>"; };
		FA4BB4A327FAD82B00E636D7 /* Assets.xcassets */ = {isa = PBXFileReference; lastKnownFileType = folder.assetcatalog; path = Assets.xcassets; sourceTree = "<group>"; };
		FA4BB4A627FAD82B00E636D7 /* Base */ = {isa = PBXFileReference; lastKnownFileType = file.storyboard; name = Base; path = Base.lproj/LaunchScreen.storyboard; sourceTree = "<group>"; };
		FA4BB4A827FAD82B00E636D7 /* Info.plist */ = {isa = PBXFileReference; lastKnownFileType = text.plist.xml; path = Info.plist; sourceTree = "<group>"; };
		FA4BB4AE27FAD99900E636D7 /* Popup.storyboard */ = {isa = PBXFileReference; lastKnownFileType = file.storyboard; path = Popup.storyboard; sourceTree = "<group>"; };
		FA4BB4B327FAE1DB00E636D7 /* WebKit.framework */ = {isa = PBXFileReference; lastKnownFileType = wrapper.framework; name = WebKit.framework; path = System/Library/Frameworks/WebKit.framework; sourceTree = SDKROOT; };
		FA4BB4B527FAE89C00E636D7 /* CustomPopUpViewController.swift */ = {isa = PBXFileReference; lastKnownFileType = sourcecode.swift; path = CustomPopUpViewController.swift; sourceTree = "<group>"; };
		FA96D59127FED0E400559EC0 /* PopUpDelegate.swift */ = {isa = PBXFileReference; lastKnownFileType = sourcecode.swift; path = PopUpDelegate.swift; sourceTree = "<group>"; };
/* End PBXFileReference section */

/* Begin PBXFrameworksBuildPhase section */
		FA4BB49427FAD82900E636D7 /* Frameworks */ = {
			isa = PBXFrameworksBuildPhase;
			buildActionMask = 2147483647;
			files = (
				FA4BB4B427FAE1DB00E636D7 /* WebKit.framework in Frameworks */,
			);
			runOnlyForDeploymentPostprocessing = 0;
		};
/* End PBXFrameworksBuildPhase section */

/* Begin PBXGroup section */
		FA4BB48E27FAD82900E636D7 = {
			isa = PBXGroup;
			children = (
				FA4BB49927FAD82900E636D7 /* CustomPupup_tutorial */,
				FA4BB49827FAD82900E636D7 /* Products */,
				FA4BB4B227FAE1DB00E636D7 /* Frameworks */,
			);
			sourceTree = "<group>";
		};
		FA4BB49827FAD82900E636D7 /* Products */ = {
			isa = PBXGroup;
			children = (
				FA4BB49727FAD82900E636D7 /* CustomPupup_tutorial.app */,
			);
			name = Products;
			sourceTree = "<group>";
		};
		FA4BB49927FAD82900E636D7 /* CustomPupup_tutorial */ = {
			isa = PBXGroup;
			children = (
				FA4BB49A27FAD82900E636D7 /* AppDelegate.swift */,
				FA4BB49C27FAD82900E636D7 /* SceneDelegate.swift */,
				FA4BB49E27FAD82900E636D7 /* ViewController.swift */,
				FA4BB4A327FAD82B00E636D7 /* Assets.xcassets */,
				FA4BB4A027FAD82900E636D7 /* Main.storyboard */,
				FA4BB4AE27FAD99900E636D7 /* Popup.storyboard */,
				FA4BB4A527FAD82B00E636D7 /* LaunchScreen.storyboard */,
				FA4BB4A827FAD82B00E636D7 /* Info.plist */,
				FA4BB4B527FAE89C00E636D7 /* CustomPopUpViewController.swift */,
				FA96D59127FED0E400559EC0 /* PopUpDelegate.swift */,
			);
			path = CustomPupup_tutorial;
			sourceTree = "<group>";
		};
		FA4BB4B227FAE1DB00E636D7 /* Frameworks */ = {
			isa = PBXGroup;
			children = (
				FA4BB4B327FAE1DB00E636D7 /* WebKit.framework */,
			);
			name = Frameworks;
			sourceTree = "<group>";
		};
/* End PBXGroup section */

/* Begin PBXNativeTarget section */
		FA4BB49627FAD82900E636D7 /* CustomPupup_tutorial */ = {
			isa = PBXNativeTarget;
			buildConfigurationList = FA4BB4AB27FAD82B00E636D7 /* Build configuration list for PBXNativeTarget "CustomPupup_tutorial" */;
			buildPhases = (
				FA4BB49327FAD82900E636D7 /* Sources */,
				FA4BB49427FAD82900E636D7 /* Frameworks */,
				FA4BB49527FAD82900E636D7 /* Resources */,
			);
			buildRules = (
			);
			dependencies = (
			);
			name = CustomPupup_tutorial;
			productName = CustomPupup_tutorial;
			productReference = FA4BB49727FAD82900E636D7 /* CustomPupup_tutorial.app */;
			productType = "com.apple.product-type.application";
		};
/* End PBXNativeTarget section */

/* Begin PBXProject section */
		FA4BB48F27FAD82900E636D7 /* Project object */ = {
			isa = PBXProject;
			attributes = {
				BuildIndependentTargetsInParallel = 1;
				LastSwiftUpdateCheck = 1330;
				LastUpgradeCheck = 1330;
				TargetAttributes = {
					FA4BB49627FAD82900E636D7 = {
						CreatedOnToolsVersion = 13.3;
					};
				};
			};
			buildConfigurationList = FA4BB49227FAD82900E636D7 /* Build configuration list for PBXProject "CustomPupup_tutorial" */;
			compatibilityVersion = "Xcode 13.0";
			developmentRegion = en;
			hasScannedForEncodings = 0;
			knownRegions = (
				en,
				Base,
			);
			mainGroup = FA4BB48E27FAD82900E636D7;
			productRefGroup = FA4BB49827FAD82900E636D7 /* Products */;
			projectDirPath = "";
			projectRoot = "";
			targets = (
				FA4BB49627FAD82900E636D7 /* CustomPupup_tutorial */,
			);
		};
/* End PBXProject section */

/* Begin PBXResourcesBuildPhase section */
		FA4BB49527FAD82900E636D7 /* Resources */ = {
			isa = PBXResourcesBuildPhase;
			buildActionMask = 2147483647;
			files = (
				FA4BB4A727FAD82B00E636D7 /* LaunchScreen.storyboard in Resources */,
				FA4BB4A427FAD82B00E636D7 /* Assets.xcassets in Resources */,
				FA4BB4A227FAD82900E636D7 /* Main.storyboard in Resources */,
				FA4BB4AF27FAD99900E636D7 /* Popup.storyboard in Resources */,
			);
			runOnlyForDeploymentPostprocessing = 0;
		};
/* End PBXResourcesBuildPhase section */

/* Begin PBXSourcesBuildPhase section */
		FA4BB49327FAD82900E636D7 /* Sources */ = {
			isa = PBXSourcesBuildPhase;
			buildActionMask = 2147483647;
			files = (
				FA96D59227FED0E400559EC0 /* PopUpDelegate.swift in Sources */,
				FA4BB4B627FAE89C00E636D7 /* CustomPopUpViewController.swift in Sources */,
				FA4BB49F27FAD82900E636D7 /* ViewController.swift in Sources */,
				FA4BB49B27FAD82900E636D7 /* AppDelegate.swift in Sources */,
				FA4BB49D27FAD82900E636D7 /* SceneDelegate.swift in Sources */,
			);
			runOnlyForDeploymentPostprocessing = 0;
		};
/* End PBXSourcesBuildPhase section */

/* Begin PBXVariantGroup section */
		FA4BB4A027FAD82900E636D7 /* Main.storyboard */ = {
			isa = PBXVariantGroup;
			children = (
				FA4BB4A127FAD82900E636D7 /* Base */,
			);
			name = Main.storyboard;
			sourceTree = "<group>";
		};
		FA4BB4A527FAD82B00E636D7 /* LaunchScreen.storyboard */ = {
			isa = PBXVariantGroup;
			children = (
				FA4BB4A627FAD82B00E636D7 /* Base */,
			);
			name = LaunchScreen.storyboard;
			sourceTree = "<group>";
		};
/* End PBXVariantGroup section */

/* Begin XCBuildConfiguration section */
		FA4BB4A927FAD82B00E636D7 /* Debug */ = {
			isa = XCBuildConfiguration;
			buildSettings = {
				ALWAYS_SEARCH_USER_PATHS = NO;
				CLANG_ANALYZER_NONNULL = YES;
				CLANG_ANALYZER_NUMBER_OBJECT_CONVERSION = YES_AGGRESSIVE;
				CLANG_CXX_LANGUAGE_STANDARD = "gnu++17";
				CLANG_ENABLE_MODULES = YES;
				CLANG_ENABLE_OBJC_ARC = YES;
				CLANG_ENABLE_OBJC_WEAK = YES;
				CLANG_WARN_BLOCK_CAPTURE_AUTORELEASING = YES;
				CLANG_WARN_BOOL_CONVERSION = YES;
				CLANG_WARN_COMMA = YES;
				CLANG_WARN_CONSTANT_CONVERSION = YES;
				CLANG_WARN_DEPRECATED_OBJC_IMPLEMENTATIONS = YES;
				CLANG_WARN_DIRECT_OBJC_ISA_USAGE = YES_ERROR;
				CLANG_WARN_DOCUMENTATION_COMMENTS = YES;
				CLANG_WARN_EMPTY_BODY = YES;
				CLANG_WARN_ENUM_CONVERSION = YES;
				CLANG_WARN_INFINITE_RECURSION = YES;
				CLANG_WARN_INT_CONVERSION = YES;
				CLANG_WARN_NON_LITERAL_NULL_CONVERSION = YES;
				CLANG_WARN_OBJC_IMPLICIT_RETAIN_SELF = YES;
				CLANG_WARN_OBJC_LITERAL_CONVERSION = YES;
				CLANG_WARN_OBJC_ROOT_CLASS = YES_ERROR;
				CLANG_WARN_QUOTED_INCLUDE_IN_FRAMEWORK_HEADER = YES;
				CLANG_WARN_RANGE_LOOP_ANALYSIS = YES;
				CLANG_WARN_STRICT_PROTOTYPES = YES;
				CLANG_WARN_SUSPICIOUS_MOVE = YES;
				CLANG_WARN_UNGUARDED_AVAILABILITY = YES_AGGRESSIVE;
				CLANG_WARN_UNREACHABLE_CODE = YES;
				CLANG_WARN__DUPLICATE_METHOD_MATCH = YES;
				COPY_PHASE_STRIP = NO;
				DEBUG_INFORMATION_FORMAT = dwarf;
				ENABLE_STRICT_OBJC_MSGSEND = YES;
				ENABLE_TESTABILITY = YES;
				GCC_C_LANGUAGE_STANDARD = gnu11;
				GCC_DYNAMIC_NO_PIC = NO;
				GCC_NO_COMMON_BLOCKS = YES;
				GCC_OPTIMIZATION_LEVEL = 0;
				GCC_PREPROCESSOR_DEFINITIONS = (
					"DEBUG=1",
					"$(inherited)",
				);
				GCC_WARN_64_TO_32_BIT_CONVERSION = YES;
				GCC_WARN_ABOUT_RETURN_TYPE = YES_ERROR;
				GCC_WARN_UNDECLARED_SELECTOR = YES;
				GCC_WARN_UNINITIALIZED_AUTOS = YES_AGGRESSIVE;
				GCC_WARN_UNUSED_FUNCTION = YES;
				GCC_WARN_UNUSED_VARIABLE = YES;
				IPHONEOS_DEPLOYMENT_TARGET = 15.4;
				MTL_ENABLE_DEBUG_INFO = INCLUDE_SOURCE;
				MTL_FAST_MATH = YES;
				ONLY_ACTIVE_ARCH = YES;
				SDKROOT = iphoneos;
				SWIFT_ACTIVE_COMPILATION_CONDITIONS = DEBUG;
				SWIFT_OPTIMIZATION_LEVEL = "-Onone";
			};
			name = Debug;
		};
		FA4BB4AA27FAD82B00E636D7 /* Release */ = {
			isa = XCBuildConfiguration;
			buildSettings = {
				ALWAYS_SEARCH_USER_PATHS = NO;
				CLANG_ANALYZER_NONNULL = YES;
				CLANG_ANALYZER_NUMBER_OBJECT_CONVERSION = YES_AGGRESSIVE;
				CLANG_CXX_LANGUAGE_STANDARD = "gnu++17";
				CLANG_ENABLE_MODULES = YES;
				CLANG_ENABLE_OBJC_ARC = YES;
				CLANG_ENABLE_OBJC_WEAK = YES;
				CLANG_WARN_BLOCK_CAPTURE_AUTORELEASING = YES;
				CLANG_WARN_BOOL_CONVERSION = YES;
				CLANG_WARN_COMMA = YES;
				CLANG_WARN_CONSTANT_CONVERSION = YES;
				CLANG_WARN_DEPRECATED_OBJC_IMPLEMENTATIONS = YES;
				CLANG_WARN_DIRECT_OBJC_ISA_USAGE = YES_ERROR;
				CLANG_WARN_DOCUMENTATION_COMMENTS = YES;
				CLANG_WARN_EMPTY_BODY = YES;
				CLANG_WARN_ENUM_CONVERSION = YES;
				CLANG_WARN_INFINITE_RECURSION = YES;
				CLANG_WARN_INT_CONVERSION = YES;
				CLANG_WARN_NON_LITERAL_NULL_CONVERSION = YES;
				CLANG_WARN_OBJC_IMPLICIT_RETAIN_SELF = YES;
				CLANG_WARN_OBJC_LITERAL_CONVERSION = YES;
				CLANG_WARN_OBJC_ROOT_CLASS = YES_ERROR;
				CLANG_WARN_QUOTED_INCLUDE_IN_FRAMEWORK_HEADER = YES;
				CLANG_WARN_RANGE_LOOP_ANALYSIS = YES;
				CLANG_WARN_STRICT_PROTOTYPES = YES;
				CLANG_WARN_SUSPICIOUS_MOVE = YES;
				CLANG_WARN_UNGUARDED_AVAILABILITY = YES_AGGRESSIVE;
				CLANG_WARN_UNREACHABLE_CODE = YES;
				CLANG_WARN__DUPLICATE_METHOD_MATCH = YES;
				COPY_PHASE_STRIP = NO;
				DEBUG_INFORMATION_FORMAT = "dwarf-with-dsym";
				ENABLE_NS_ASSERTIONS = NO;
				ENABLE_STRICT_OBJC_MSGSEND = YES;
				GCC_C_LANGUAGE_STANDARD = gnu11;
				GCC_NO_COMMON_BLOCKS = YES;
				GCC_WARN_64_TO_32_BIT_CONVERSION = YES;
				GCC_WARN_ABOUT_RETURN_TYPE = YES_ERROR;
				GCC_WARN_UNDECLARED_SELECTOR = YES;
				GCC_WARN_UNINITIALIZED_AUTOS = YES_AGGRESSIVE;
				GCC_WARN_UNUSED_FUNCTION = YES;
				GCC_WARN_UNUSED_VARIABLE = YES;
				IPHONEOS_DEPLOYMENT_TARGET = 15.4;
				MTL_ENABLE_DEBUG_INFO = NO;
				MTL_FAST_MATH = YES;
				SDKROOT = iphoneos;
				SWIFT_COMPILATION_MODE = wholemodule;
				SWIFT_OPTIMIZATION_LEVEL = "-O";
				VALIDATE_PRODUCT = YES;
			};
			name = Release;
		};
		FA4BB4AC27FAD82B00E636D7 /* Debug */ = {
			isa = XCBuildConfiguration;
			buildSettings = {
				ASSETCATALOG_COMPILER_APPICON_NAME = AppIcon;
				ASSETCATALOG_COMPILER_GLOBAL_ACCENT_COLOR_NAME = AccentColor;
				CODE_SIGN_STYLE = Automatic;
				CURRENT_PROJECT_VERSION = 1;
				GENERATE_INFOPLIST_FILE = YES;
				INFOPLIST_FILE = CustomPupup_tutorial/Info.plist;
				INFOPLIST_KEY_UIApplicationSupportsIndirectInputEvents = YES;
				INFOPLIST_KEY_UILaunchStoryboardName = LaunchScreen;
				INFOPLIST_KEY_UIMainStoryboardFile = Main;
				INFOPLIST_KEY_UISupportedInterfaceOrientations_iPad = "UIInterfaceOrientationPortrait UIInterfaceOrientationPortraitUpsideDown UIInterfaceOrientationLandscapeLeft UIInterfaceOrientationLandscapeRight";
				INFOPLIST_KEY_UISupportedInterfaceOrientations_iPhone = "UIInterfaceOrientationPortrait UIInterfaceOrientationLandscapeLeft UIInterfaceOrientationLandscapeRight";
				LD_RUNPATH_SEARCH_PATHS = (
					"$(inherited)",
					"@executable_path/Frameworks",
				);
				MARKETING_VERSION = 1.0;
				PRODUCT_BUNDLE_IDENTIFIER = "com.testLee.CustomPupup-tutorial";
				PRODUCT_NAME = "$(TARGET_NAME)";
				SWIFT_EMIT_LOC_STRINGS = YES;
				SWIFT_VERSION = 5.0;
				TARGETED_DEVICE_FAMILY = "1,2";
			};
			name = Debug;
		};
		FA4BB4AD27FAD82B00E636D7 /* Release */ = {
			isa = XCBuildConfiguration;
			buildSettings = {
				ASSETCATALOG_COMPILER_APPICON_NAME = AppIcon;
				ASSETCATALOG_COMPILER_GLOBAL_ACCENT_COLOR_NAME = AccentColor;
				CODE_SIGN_STYLE = Automatic;
				CURRENT_PROJECT_VERSION = 1;
				GENERATE_INFOPLIST_FILE = YES;
				INFOPLIST_FILE = CustomPupup_tutorial/Info.plist;
				INFOPLIST_KEY_UIApplicationSupportsIndirectInputEvents = YES;
				INFOPLIST_KEY_UILaunchStoryboardName = LaunchScreen;
				INFOPLIST_KEY_UIMainStoryboardFile = Main;
				INFOPLIST_KEY_UISupportedInterfaceOrientations_iPad = "UIInterfaceOrientationPortrait UIInterfaceOrientationPortraitUpsideDown UIInterfaceOrientationLandscapeLeft UIInterfaceOrientationLandscapeRight";
				INFOPLIST_KEY_UISupportedInterfaceOrientations_iPhone = "UIInterfaceOrientationPortrait UIInterfaceOrientationLandscapeLeft UIInterfaceOrientationLandscapeRight";
				LD_RUNPATH_SEARCH_PATHS = (
					"$(inherited)",
					"@executable_path/Frameworks",
				);
				MARKETING_VERSION = 1.0;
				PRODUCT_BUNDLE_IDENTIFIER = "com.testLee.CustomPupup-tutorial";
				PRODUCT_NAME = "$(TARGET_NAME)";
				SWIFT_EMIT_LOC_STRINGS = YES;
				SWIFT_VERSION = 5.0;
				TARGETED_DEVICE_FAMILY = "1,2";
			};
			name = Release;
		};
/* End XCBuildConfiguration section */

/* Begin XCConfigurationList section */
		FA4BB49227FAD82900E636D7 /* Build configuration list for PBXProject "CustomPupup_tutorial" */ = {
			isa = XCConfigurationList;
			buildConfigurations = (
				FA4BB4A927FAD82B00E636D7 /* Debug */,
				FA4BB4AA27FAD82B00E636D7 /* Release */,
			);
			defaultConfigurationIsVisible = 0;
			defaultConfigurationName = Release;
		};
		FA4BB4AB27FAD82B00E636D7 /* Build configuration list for PBXNativeTarget "CustomPupup_tutorial" */ = {
			isa = XCConfigurationList;
			buildConfigurations = (
				FA4BB4AC27FAD82B00E636D7 /* Debug */,
				FA4BB4AD27FAD82B00E636D7 /* Release */,
			);
			defaultConfigurationIsVisible = 0;
			defaultConfigurationName = Release;
		};
/* End XCConfigurationList section */
	};
	rootObject = FA4BB48F27FAD82900E636D7 /* Project object */;
}
